
Microsoft Visual Studio Solution File, Format Version 12.00
# Visual Studio Version 16
VisualStudioVersion = 25.0.1704.2
MinimumVisualStudioVersion = 10.0.40219.1
Project("{FAE04EC0-301F-11D3-BF4B-00C04F79EFBC}") = "BlazorMatchGame", "BlazorMatchGame\BlazorMatchGame.csproj", "{1C135ADF-748D-4753-A6DB-34B29BF41A0C}"
EndProject
Global
	GlobalSection(SolutionConfigurationPlatforms) = preSolution
		Debug|Any CPU = Debug|Any CPU
		Release|Any CPU = Release|Any CPU
	EndGlobalSection
	GlobalSection(ProjectConfigurationPlatforms) = postSolution
		{1C135ADF-748D-4753-A6DB-34B29BF41A0C}.Debug|Any CPU.ActiveCfg = Debug|Any CPU
		{1C135ADF-748D-4753-A6DB-34B29BF41A0C}.Debug|Any CPU.Build.0 = Debug|Any CPU
		{1C135ADF-748D-4753-A6DB-34B29BF41A0C}.Release|Any CPU.ActiveCfg = Release|Any CPU
		{1C135ADF-748D-4753-A6DB-34B29BF41A0C}.Release|Any CPU.Build.0 = Release|Any CPU
	EndGlobalSection
	GlobalSection(SolutionProperties) = preSolution
		HideSolutionNode = FALSE
	EndGlobalSection
	GlobalSection(ExtensibilityGlobals) = postSolution
		SolutionGuid = {8717D178-FAB5-4B1E-9177-9C287B153167}
	EndGlobalSection
EndGlobal
